
Microsoft Visual Studio Solution File, Format Version 12.00
# Visual Studio Version 17
VisualStudioVersion = 17.9.34607.119
MinimumVisualStudioVersion = 10.0.40219.1
Project("{FAE04EC0-301F-11D3-BF4B-00C04F79EFBC}") = "Workspace", "Workspace\Workspace.csproj", "{89A2DABC-206F-4E24-98CA-E2C80C06B9D5}"
EndProject
Project("{FAE04EC0-301F-11D3-BF4B-00C04F79EFBC}") = "Entities", "Entities\Entities.csproj", "{1AECCC7D-AB24-4FD5-8279-CFFF9EEF5E20}"
EndProject
Project("{FAE04EC0-301F-11D3-BF4B-00C04F79EFBC}") = "Business", "Business\Business.csproj", "{CDE557E6-C324-41A2-818D-F235FF66D62D}"
EndProject
Global
	GlobalSection(SolutionConfigurationPlatforms) = preSolution
		Debug|Any CPU = Debug|Any CPU
		Release|Any CPU = Release|Any CPU
	EndGlobalSection
	GlobalSection(ProjectConfigurationPlatforms) = postSolution
		{89A2DABC-206F-4E24-98CA-E2C80C06B9D5}.Debug|Any CPU.ActiveCfg = Debug|Any CPU
		{89A2DABC-206F-4E24-98CA-E2C80C06B9D5}.Debug|Any CPU.Build.0 = Debug|Any CPU
		{89A2DABC-206F-4E24-98CA-E2C80C06B9D5}.Release|Any CPU.ActiveCfg = Release|Any CPU
		{89A2DABC-206F-4E24-98CA-E2C80C06B9D5}.Release|Any CPU.Build.0 = Release|Any CPU
		{1AECCC7D-AB24-4FD5-8279-CFFF9EEF5E20}.Debug|Any CPU.ActiveCfg = Debug|Any CPU
		{1AECCC7D-AB24-4FD5-8279-CFFF9EEF5E20}.Debug|Any CPU.Build.0 = Debug|Any CPU
		{1AECCC7D-AB24-4FD5-8279-CFFF9EEF5E20}.Release|Any CPU.ActiveCfg = Release|Any CPU
		{1AECCC7D-AB24-4FD5-8279-CFFF9EEF5E20}.Release|Any CPU.Build.0 = Release|Any CPU
		{CDE557E6-C324-41A2-818D-F235FF66D62D}.Debug|Any CPU.ActiveCfg = Debug|Any CPU
		{CDE557E6-C324-41A2-818D-F235FF66D62D}.Debug|Any CPU.Build.0 = Debug|Any CPU
		{CDE557E6-C324-41A2-818D-F235FF66D62D}.Release|Any CPU.ActiveCfg = Release|Any CPU
		{CDE557E6-C324-41A2-818D-F235FF66D62D}.Release|Any CPU.Build.0 = Release|Any CPU
	EndGlobalSection
	GlobalSection(SolutionProperties) = preSolution
		HideSolutionNode = FALSE
	EndGlobalSection
	GlobalSection(ExtensibilityGlobals) = postSolution
		SolutionGuid = {CE0862D4-F74F-42C1-94BE-8E9722B46273}
	EndGlobalSection
EndGlobal
